
Microsoft Visual Studio Solution File, Format Version 12.00
# Visual Studio Version 17
VisualStudioVersion = 17.9.34728.123
MinimumVisualStudioVersion = 10.0.40219.1
Project("{FAE04EC0-301F-11D3-BF4B-00C04F79EFBC}") = "SVPP_CS_WPF_Lab2_task2_Product_Card", "SVPP_CS_WPF_Lab2_task2_Product_Card.csproj", "{1A6624A4-D27E-405D-9BA8-CD0106AA025C}"
EndProject
Global
	GlobalSection(SolutionConfigurationPlatforms) = preSolution
		Debug|Any CPU = Debug|Any CPU
		Release|Any CPU = Release|Any CPU
	EndGlobalSection
	GlobalSection(ProjectConfigurationPlatforms) = postSolution
		{1A6624A4-D27E-405D-9BA8-CD0106AA025C}.Debug|Any CPU.ActiveCfg = Debug|Any CPU
		{1A6624A4-D27E-405D-9BA8-CD0106AA025C}.Debug|Any CPU.Build.0 = Debug|Any CPU
		{1A6624A4-D27E-405D-9BA8-CD0106AA025C}.Release|Any CPU.ActiveCfg = Release|Any CPU
		{1A6624A4-D27E-405D-9BA8-CD0106AA025C}.Release|Any CPU.Build.0 = Release|Any CPU
	EndGlobalSection
	GlobalSection(SolutionProperties) = preSolution
		HideSolutionNode = FALSE
	EndGlobalSection
	GlobalSection(ExtensibilityGlobals) = postSolution
		SolutionGuid = {6F85B008-0BCB-4A9E-B6FA-4567CEF07CE8}
	EndGlobalSection
EndGlobal
